
Microsoft Visual Studio Solution File, Format Version 12.00
# Visual Studio Version 17
VisualStudioVersion = 17.10.35013.160
MinimumVisualStudioVersion = 10.0.40219.1
Project("{9A19103F-16F7-4668-BE54-9A1E7A4F7556}") = "UpgradableZenith", "UpgradableZenith.csproj", "{5F83C910-5B7B-44C8-BC51-BF63BE3885F9}"
EndProject
Global
	GlobalSection(SolutionConfigurationPlatforms) = preSolution
		Debug|Any CPU = Debug|Any CPU
		Release|Any CPU = Release|Any CPU
	EndGlobalSection
	GlobalSection(ProjectConfigurationPlatforms) = postSolution
		{5F83C910-5B7B-44C8-BC51-BF63BE3885F9}.Debug|Any CPU.ActiveCfg = Debug|Any CPU
		{5F83C910-5B7B-44C8-BC51-BF63BE3885F9}.Debug|Any CPU.Build.0 = Debug|Any CPU
		{5F83C910-5B7B-44C8-BC51-BF63BE3885F9}.Release|Any CPU.ActiveCfg = Release|Any CPU
		{5F83C910-5B7B-44C8-BC51-BF63BE3885F9}.Release|Any CPU.Build.0 = Release|Any CPU
	EndGlobalSection
	GlobalSection(SolutionProperties) = preSolution
		HideSolutionNode = FALSE
	EndGlobalSection
	GlobalSection(ExtensibilityGlobals) = postSolution
		SolutionGuid = {4514176D-723C-49B4-A546-0507399F5798}
	EndGlobalSection
EndGlobal
